
Microsoft Visual Studio Solution File, Format Version 12.00
# Visual Studio Version 17
VisualStudioVersion = 17.11.35219.272
MinimumVisualStudioVersion = 10.0.40219.1
Project("{9A19103F-16F7-4668-BE54-9A1E7A4F7556}") = "CalculatorApplication", "CalculatorApplication\CalculatorApplication.csproj", "{D567F75E-4864-4577-946C-D2A2FC1D5EF8}"
	ProjectSection(ProjectDependencies) = postProject
		{55BB79E0-4CEA-4509-A625-53CC2F33D616} = {55BB79E0-4CEA-4509-A625-53CC2F33D616}
	EndProjectSection
EndProject
Project("{9A19103F-16F7-4668-BE54-9A1E7A4F7556}") = "CalculatorApplicationProcess", "CalculatorApplicationProcess\CalculatorApplicationProcess.csproj", "{6DC4EAC8-0E24-4BD8-87DD-EC565F340ADD}"
EndProject
Project("{9A19103F-16F7-4668-BE54-9A1E7A4F7556}") = "CalculatorApplicationService", "CalculatorApplicationService\CalculatorApplicationService.csproj", "{55BB79E0-4CEA-4509-A625-53CC2F33D616}"
EndProject
Project("{FAE04EC0-301F-11D3-BF4B-00C04F79EFBC}") = "CalculatorApplication.UnitTest", "CalculatorApplication.UnitTest\CalculatorApplication.UnitTest.csproj", "{01C9CBE6-451C-43C5-9C3F-C40EF0E1087E}"
	ProjectSection(ProjectDependencies) = postProject
		{55BB79E0-4CEA-4509-A625-53CC2F33D616} = {55BB79E0-4CEA-4509-A625-53CC2F33D616}
	EndProjectSection
EndProject
Global
	GlobalSection(SolutionConfigurationPlatforms) = preSolution
		Debug|Any CPU = Debug|Any CPU
		Release|Any CPU = Release|Any CPU
	EndGlobalSection
	GlobalSection(ProjectConfigurationPlatforms) = postSolution
		{D567F75E-4864-4577-946C-D2A2FC1D5EF8}.Debug|Any CPU.ActiveCfg = Debug|Any CPU
		{D567F75E-4864-4577-946C-D2A2FC1D5EF8}.Debug|Any CPU.Build.0 = Debug|Any CPU
		{D567F75E-4864-4577-946C-D2A2FC1D5EF8}.Release|Any CPU.ActiveCfg = Release|Any CPU
		{D567F75E-4864-4577-946C-D2A2FC1D5EF8}.Release|Any CPU.Build.0 = Release|Any CPU
		{6DC4EAC8-0E24-4BD8-87DD-EC565F340ADD}.Debug|Any CPU.ActiveCfg = Debug|Any CPU
		{6DC4EAC8-0E24-4BD8-87DD-EC565F340ADD}.Debug|Any CPU.Build.0 = Debug|Any CPU
		{6DC4EAC8-0E24-4BD8-87DD-EC565F340ADD}.Release|Any CPU.ActiveCfg = Release|Any CPU
		{6DC4EAC8-0E24-4BD8-87DD-EC565F340ADD}.Release|Any CPU.Build.0 = Release|Any CPU
		{55BB79E0-4CEA-4509-A625-53CC2F33D616}.Debug|Any CPU.ActiveCfg = Debug|Any CPU
		{55BB79E0-4CEA-4509-A625-53CC2F33D616}.Debug|Any CPU.Build.0 = Debug|Any CPU
		{55BB79E0-4CEA-4509-A625-53CC2F33D616}.Release|Any CPU.ActiveCfg = Release|Any CPU
		{55BB79E0-4CEA-4509-A625-53CC2F33D616}.Release|Any CPU.Build.0 = Release|Any CPU
		{01C9CBE6-451C-43C5-9C3F-C40EF0E1087E}.Debug|Any CPU.ActiveCfg = Debug|Any CPU
		{01C9CBE6-451C-43C5-9C3F-C40EF0E1087E}.Debug|Any CPU.Build.0 = Debug|Any CPU
		{01C9CBE6-451C-43C5-9C3F-C40EF0E1087E}.Release|Any CPU.ActiveCfg = Release|Any CPU
		{01C9CBE6-451C-43C5-9C3F-C40EF0E1087E}.Release|Any CPU.Build.0 = Release|Any CPU
	EndGlobalSection
	GlobalSection(SolutionProperties) = preSolution
		HideSolutionNode = FALSE
	EndGlobalSection
	GlobalSection(ExtensibilityGlobals) = postSolution
		SolutionGuid = {D6A1AB79-B1ED-447B-AFB3-53ABC59C46FF}
	EndGlobalSection
EndGlobal
